{
    "_readme": [
        "This file locks the dependencies of your project to a known state",
        "Read more about it at https://getcomposer.org/doc/01-basic-usage.md#composer-lock-the-lock-file",
        "This file is @generated automatically"
    ],
    "hash": "379e589bc9e9d122aa4d34fc03ee1ad9",
    "packages": [
        {
            "name": "ckeditor/ckeditor",
            "version": "dev-standard/stable",
            "source": {
                "type": "git",
                "url": "https://github.com/ckeditor/ckeditor-releases.git",
                "reference": "e3c8c891d967c3354cc6b6b49b57f0253cc0ff04"
            },
            "dist": {
                "type": "zip",
                "url": "https://api.github.com/repos/ckeditor/ckeditor-releases/zipball/e3c8c891d967c3354cc6b6b49b57f0253cc0ff04",
                "reference": "e3c8c891d967c3354cc6b6b49b57f0253cc0ff04",
                "shasum": ""
            },
            "type": "library",
            "notification-url": "https://packagist.org/downloads/",
            "license": [
                "GPL-2.0+",
                "LGPL-2.1+",
                "MPL-1.1+"
            ],
            "authors": [
                {
                    "name": "CKSource - Frederico Knabben",
                    "homepage": "http://cksource.com"
                }
            ],
            "description": "JavaScript WYSIWYG web text editor.",
            "homepage": "http://ckeditor.com",
            "keywords": [
                "CKEditor",
                "editor",
                "fckeditor",
                "html",
                "javascript",
                "richtext",
                "text",
                "wysiwyg"
            ],
            "time": "2015-01-27 15:12:04"
        },
        {
            "name": "intervention/image",
            "version": "2.2.1",
            "source": {
                "type": "git",
                "url": "https://github.com/Intervention/image.git",
                "reference": "79f0a35da7d4f75bb85d9c04513dd5929e21f75e"
            },
            "dist": {
                "type": "zip",
                "url": "https://api.github.com/repos/Intervention/image/zipball/79f0a35da7d4f75bb85d9c04513dd5929e21f75e",
                "reference": "79f0a35da7d4f75bb85d9c04513dd5929e21f75e",
                "shasum": ""
            },
            "require": {
                "ext-fileinfo": "*",
                "php": ">=5.3.0"
            },
            "require-dev": {
                "mockery/mockery": "~0.9.2",
                "phpunit/phpunit": "3.*"
            },
            "suggest": {
                "ext-gd": "to use GD library based image processing.",
                "ext-imagick": "to use Imagick based image processing.",
                "intervention/imagecache": "Caching extension for the Intervention Image library"
            },
            "type": "library",
            "autoload": {
                "psr-4": {
                    "Intervention\\Image\\": "src/Intervention/Image"
                }
            },
            "notification-url": "https://packagist.org/downloads/",
            "license": [
                "MIT"
            ],
            "authors": [
                {
                    "name": "Oliver Vogel",
                    "email": "oliver@olivervogel.net",
                    "homepage": "http://olivervogel.net/"
                }
            ],
            "description": "Image handling and manipulation library with support for Laravel integration",
            "homepage": "http://image.intervention.io/",
            "keywords": [
                "gd",
                "image",
                "imagick",
                "laravel",
                "thumbnail",
                "watermark"
            ],
            "time": "2015-05-09 16:06:30"
        },
        {
            "name": "phpmailer/phpmailer",
            "version": "dev-master",
            "source": {
                "type": "git",
                "url": "https://github.com/PHPMailer/PHPMailer.git",
                "reference": "199bd9698b9b2b2c6b09e046fd12118fd10a7f73"
            },
            "dist": {
                "type": "zip",
                "url": "https://api.github.com/repos/PHPMailer/PHPMailer/zipball/199bd9698b9b2b2c6b09e046fd12118fd10a7f73",
                "reference": "199bd9698b9b2b2c6b09e046fd12118fd10a7f73",
                "shasum": ""
            },
            "require": {
                "php": ">=5.0.0"
            },
            "require-dev": {
                "phpdocumentor/phpdocumentor": "*",
                "phpunit/phpunit": "4.3.*"
            },
            "type": "library",
            "autoload": {
                "classmap": [
                    "class.phpmailer.php",
                    "class.smtp.php",
                    "class.pop3.php",
                    "extras/EasyPeasyICS.php",
                    "extras/ntlm_sasl_client.php"
                ]
            },
            "notification-url": "https://packagist.org/downloads/",
            "license": [
                "LGPL-2.1"
            ],
            "authors": [
                {
                    "name": "Jim Jagielski",
                    "email": "jimjag@gmail.com"
                },
                {
                    "name": "Marcus Bointon",
                    "email": "phpmailer@synchromedia.co.uk"
                },
                {
                    "name": "Andy Prevost",
                    "email": "codeworxtech@users.sourceforge.net"
                },
                {
                    "name": "Brent R. Matzelle"
                }
            ],
            "description": "PHPMailer is a full-featured email creation and transfer class for PHP",
            "time": "2015-05-21 15:05:57"
        },
        {
            "name": "recaptcha-lib/recaptcha",
            "version": "dev-master",
            "source": {
                "type": "git",
                "url": "https://github.com/adrianorsouza/reCAPTCHA-lib.git",
                "reference": "9d696b6295975b61b70334abebd0d0aa693ae55c"
            },
            "dist": {
                "type": "zip",
                "url": "https://api.github.com/repos/adrianorsouza/reCAPTCHA-lib/zipball/9d696b6295975b61b70334abebd0d0aa693ae55c",
                "reference": "9d696b6295975b61b70334abebd0d0aa693ae55c",
                "shasum": ""
            },
            "require": {
                "php": ">=5.3.0"
            },
            "require-dev": {
                "phpdocumentor/phpdocumentor": "2.*",
                "phpunit/phpunit": "3.7.*"
            },
            "type": "library",
            "autoload": {
                "psr-0": {
                    "ReCaptcha": "lib"
                }
            },
            "notification-url": "https://packagist.org/downloads/",
            "license": [
                "MIT"
            ],
            "authors": [
                {
                    "name": "Adriano Rosa",
                    "email": "dev@adrianorosa.com",
                    "homepage": "http://adrianorosa.com"
                }
            ],
            "description": "PHP Library for reCAPTCHA Google's API",
            "homepage": "https://github.com/adrianorsouza/reCAPTCHA-lib",
            "keywords": [
                "captcha",
                "recapcha-lib",
                "recaptcha"
            ],
            "time": "2015-02-25 16:39:58"
        },
        {
            "name": "sunhater/kcfinder",
            "version": "dev-master",
            "source": {
                "type": "git",
                "url": "https://github.com/sunhater/kcfinder.git",
                "reference": "b645d2a81e647d63780c238b130593e32b4d95a9"
            },
            "dist": {
                "type": "zip",
                "url": "https://api.github.com/repos/sunhater/kcfinder/zipball/b645d2a81e647d63780c238b130593e32b4d95a9",
                "reference": "b645d2a81e647d63780c238b130593e32b4d95a9",
                "shasum": ""
            },
            "require": {
                "ext-gd": "*",
                "php": ">=5.3.0"
            },
            "suggest": {
                "ext-curl": "*",
                "ext-exif": "*",
                "ext-fileinfo": "*",
                "ext-gmagick": "*",
                "ext-http": "*",
                "ext-imagick": "*",
                "ext-sockets": "*",
                "ext-zip": "*"
            },
            "type": "library",
            "notification-url": "https://packagist.org/downloads/",
            "license": [
                "GPL-3.0+",
                "LGPL-3.0+"
            ],
            "authors": [
                {
                    "name": "Pavel Tzonkov",
                    "email": "sunhater@sunhater.com",
                    "homepage": "http://sunhater.com",
                    "role": "Developer"
                }
            ],
            "description": "KCFinder web file manager",
            "homepage": "http://kcfinder.sunhater.com",
            "keywords": [
                "explorer",
                "file",
                "file explorer",
                "file manager",
                "finder",
                "kcfinder",
                "manager"
            ],
            "time": "2014-09-27 18:47:34"
        },
        {
            "name": "twitter/bootstrap",
            "version": "dev-master",
            "source": {
                "type": "git",
                "url": "https://github.com/twbs/bootstrap.git",
                "reference": "3487898a6af8c1d5b12f7b040d30e71b19e34923"
            },
            "dist": {
                "type": "zip",
                "url": "https://api.github.com/repos/twbs/bootstrap/zipball/3487898a6af8c1d5b12f7b040d30e71b19e34923",
                "reference": "3487898a6af8c1d5b12f7b040d30e71b19e34923",
                "shasum": ""
            },
            "replace": {
                "twitter/bootstrap": "self.version"
            },
            "type": "library",
            "extra": {
                "branch-alias": {
                    "dev-master": "3.3.x-dev"
                }
            },
            "notification-url": "https://packagist.org/downloads/",
            "license": [
                "MIT"
            ],
            "authors": [
                {
                    "name": "Jacob Thornton",
                    "email": "jacobthornton@gmail.com"
                },
                {
                    "name": "Mark Otto",
                    "email": "markdotto@gmail.com"
                }
            ],
            "description": "The most popular front-end framework for developing responsive, mobile first projects on the web.",
            "homepage": "http://getbootstrap.com",
            "keywords": [
                "JS",
                "css",
                "framework",
                "front-end",
                "less",
                "mobile-first",
                "responsive",
                "web"
            ],
            "time": "2015-05-26 22:15:15"
        }
    ],
    "packages-dev": [],
    "aliases": [],
    "minimum-stability": "stable",
    "stability-flags": {
        "sunhater/kcfinder": 20,
        "ckeditor/ckeditor": 20,
        "twitter/bootstrap": 20,
        "recaptcha-lib/recaptcha": 20,
        "phpmailer/phpmailer": 20
    },
    "prefer-stable": false,
    "prefer-lowest": false,
    "platform": [],
    "platform-dev": []
}
